
Microsoft Visual Studio Solution File, Format Version 12.00
# Visual Studio Version 16
VisualStudioVersion = 16.0.31624.102
MinimumVisualStudioVersion = 10.0.40219.1
Project("{9A19103F-16F7-4668-BE54-9A1E7A4F7556}") = "SpeedRacing", "SpeedRacing\SpeedRacing.csproj", "{801C4E87-98E1-42D5-856A-F0B4B6132EB9}"
EndProject
Project("{9A19103F-16F7-4668-BE54-9A1E7A4F7556}") = "RawData", "RawData\RawData.csproj", "{45A2CBA8-C5D1-4B36-90C6-6C7E4A8C917B}"
EndProject
Project("{9A19103F-16F7-4668-BE54-9A1E7A4F7556}") = "PokemonTrainer", "PokemonTrainer\PokemonTrainer.csproj", "{EC6695C3-730E-48D4-9A90-4B10BC521D22}"
EndProject
Project("{9A19103F-16F7-4668-BE54-9A1E7A4F7556}") = "SoftUniParking", "SoftUniParking\SoftUniParking.csproj", "{31CF9FC8-7628-40FF-8475-9A64965BD565}"
EndProject
Project("{9A19103F-16F7-4668-BE54-9A1E7A4F7556}") = "DefiningClasses", "DefiningClasses\DefiningClasses.csproj", "{84BE5A87-4705-430F-B2F1-244AC86E5E3F}"
EndProject
Global
	GlobalSection(SolutionConfigurationPlatforms) = preSolution
		Debug|Any CPU = Debug|Any CPU
		Release|Any CPU = Release|Any CPU
	EndGlobalSection
	GlobalSection(ProjectConfigurationPlatforms) = postSolution
		{801C4E87-98E1-42D5-856A-F0B4B6132EB9}.Debug|Any CPU.ActiveCfg = Debug|Any CPU
		{801C4E87-98E1-42D5-856A-F0B4B6132EB9}.Debug|Any CPU.Build.0 = Debug|Any CPU
		{801C4E87-98E1-42D5-856A-F0B4B6132EB9}.Release|Any CPU.ActiveCfg = Release|Any CPU
		{801C4E87-98E1-42D5-856A-F0B4B6132EB9}.Release|Any CPU.Build.0 = Release|Any CPU
		{45A2CBA8-C5D1-4B36-90C6-6C7E4A8C917B}.Debug|Any CPU.ActiveCfg = Debug|Any CPU
		{45A2CBA8-C5D1-4B36-90C6-6C7E4A8C917B}.Debug|Any CPU.Build.0 = Debug|Any CPU
		{45A2CBA8-C5D1-4B36-90C6-6C7E4A8C917B}.Release|Any CPU.ActiveCfg = Release|Any CPU
		{45A2CBA8-C5D1-4B36-90C6-6C7E4A8C917B}.Release|Any CPU.Build.0 = Release|Any CPU
		{EC6695C3-730E-48D4-9A90-4B10BC521D22}.Debug|Any CPU.ActiveCfg = Debug|Any CPU
		{EC6695C3-730E-48D4-9A90-4B10BC521D22}.Debug|Any CPU.Build.0 = Debug|Any CPU
		{EC6695C3-730E-48D4-9A90-4B10BC521D22}.Release|Any CPU.ActiveCfg = Release|Any CPU
		{EC6695C3-730E-48D4-9A90-4B10BC521D22}.Release|Any CPU.Build.0 = Release|Any CPU
		{31CF9FC8-7628-40FF-8475-9A64965BD565}.Debug|Any CPU.ActiveCfg = Debug|Any CPU
		{31CF9FC8-7628-40FF-8475-9A64965BD565}.Debug|Any CPU.Build.0 = Debug|Any CPU
		{31CF9FC8-7628-40FF-8475-9A64965BD565}.Release|Any CPU.ActiveCfg = Release|Any CPU
		{31CF9FC8-7628-40FF-8475-9A64965BD565}.Release|Any CPU.Build.0 = Release|Any CPU
		{84BE5A87-4705-430F-B2F1-244AC86E5E3F}.Debug|Any CPU.ActiveCfg = Debug|Any CPU
		{84BE5A87-4705-430F-B2F1-244AC86E5E3F}.Debug|Any CPU.Build.0 = Debug|Any CPU
		{84BE5A87-4705-430F-B2F1-244AC86E5E3F}.Release|Any CPU.ActiveCfg = Release|Any CPU
		{84BE5A87-4705-430F-B2F1-244AC86E5E3F}.Release|Any CPU.Build.0 = Release|Any CPU
	EndGlobalSection
	GlobalSection(SolutionProperties) = preSolution
		HideSolutionNode = FALSE
	EndGlobalSection
	GlobalSection(ExtensibilityGlobals) = postSolution
		SolutionGuid = {2305852D-971F-4604-AD89-5035663B300D}
	EndGlobalSection
EndGlobal
